
Microsoft Visual Studio Solution File, Format Version 12.00
# Visual Studio Version 17
VisualStudioVersion = 17.7.34024.191
MinimumVisualStudioVersion = 10.0.40219.1
Project("{E24C65DC-7377-472B-9ABA-BC803B73C61A}") = "SecuGen WebAPI v1.0.0.41", ".", "{A805F08B-DEB9-488A-B20C-1AFAD1CEC407}"
	ProjectSection(WebsiteProperties) = preProject
		TargetFrameworkMoniker = ".NETFramework,Version%3Dv4.8"
		Debug.AspNetCompiler.VirtualPath = "/localhost_17457"
		Debug.AspNetCompiler.PhysicalPath = "..\Login-app-with-secugen-hamster-fingerprint-device\"
		Debug.AspNetCompiler.TargetPath = "PrecompiledWeb\localhost_17457\"
		Debug.AspNetCompiler.Updateable = "true"
		Debug.AspNetCompiler.ForceOverwrite = "true"
		Debug.AspNetCompiler.FixedNames = "false"
		Debug.AspNetCompiler.Debug = "True"
		Release.AspNetCompiler.VirtualPath = "/localhost_17457"
		Release.AspNetCompiler.PhysicalPath = "..\Login-app-with-secugen-hamster-fingerprint-device\"
		Release.AspNetCompiler.TargetPath = "PrecompiledWeb\localhost_17457\"
		Release.AspNetCompiler.Updateable = "true"
		Release.AspNetCompiler.ForceOverwrite = "true"
		Release.AspNetCompiler.FixedNames = "false"
		Release.AspNetCompiler.Debug = "False"
		VWDPort = "17457"
		SlnRelativePath = "..\Login-app-with-secugen-hamster-fingerprint-device\"
	EndProjectSection
EndProject
Global
	GlobalSection(SolutionConfigurationPlatforms) = preSolution
		Debug|Any CPU = Debug|Any CPU
	EndGlobalSection
	GlobalSection(ProjectConfigurationPlatforms) = postSolution
		{A805F08B-DEB9-488A-B20C-1AFAD1CEC407}.Debug|Any CPU.ActiveCfg = Debug|Any CPU
		{A805F08B-DEB9-488A-B20C-1AFAD1CEC407}.Debug|Any CPU.Build.0 = Debug|Any CPU
	EndGlobalSection
	GlobalSection(SolutionProperties) = preSolution
		HideSolutionNode = FALSE
	EndGlobalSection
	GlobalSection(ExtensibilityGlobals) = postSolution
		SolutionGuid = {CB0D0781-11A2-46D5-8608-6186C6ADBCD0}
	EndGlobalSection
EndGlobal
